
Microsoft Visual Studio Solution File, Format Version 12.00
# Visual Studio Version 16
VisualStudioVersion = 16.0.29920.165
MinimumVisualStudioVersion = 10.0.40219.1
Project("{9A19103F-16F7-4668-BE54-9A1E7A4F7556}") = "MQuince.Services.Contracts", "MQuince.Services.Contracts\MQuince.Services.Contracts.csproj", "{EE835B5F-8FA1-4AB2-987A-E8CD8931AA59}"
EndProject
Project("{9A19103F-16F7-4668-BE54-9A1E7A4F7556}") = "MQuince.Enums", "MQuince.Enums\MQuince.Enums.csproj", "{B66F6FE1-1934-4008-B0BA-52E90E65FCA3}"
EndProject
Project("{9A19103F-16F7-4668-BE54-9A1E7A4F7556}") = "MQuince.Entities", "MQuince.Entities\MQuince.Entities.csproj", "{E06E7370-018B-40CD-B92A-22D5BFDC94E8}"
EndProject
Project("{9A19103F-16F7-4668-BE54-9A1E7A4F7556}") = "MQuince.Services.Implementation", "MQuince.Services.Implementation\MQuince.Services.Implementation.csproj", "{DD8415D2-DE35-4E07-BC8E-A3DBE9E45EB0}"
EndProject
Project("{9A19103F-16F7-4668-BE54-9A1E7A4F7556}") = "MQuince.Repository.Contracts", "MQuince.Repository.Contracts\MQuince.Repository.Contracts.csproj", "{FEF6517D-58F1-40AB-B5D1-CF8DE80D68AE}"
EndProject
Project("{9A19103F-16F7-4668-BE54-9A1E7A4F7556}") = "MQuince.Repository.SQL", "MQuince.Repository.SQL\MQuince.Repository.SQL.csproj", "{68B7782B-9D57-43B0-A5B5-194CF1B27F25}"
EndProject
Project("{9A19103F-16F7-4668-BE54-9A1E7A4F7556}") = "MQuince.WebAPI", "MQuince.WebAPI\MQuince.WebAPI.csproj", "{F6412FA2-6B3B-47FF-A49D-6344E9BCD43B}"
EndProject
Project("{9A19103F-16F7-4668-BE54-9A1E7A4F7556}") = "MQuince.Application", "MQuince.Application\MQuince.Application.csproj", "{10FB3859-944A-42FD-96BA-5A2CFCD05B7A}"
EndProject
Project("{FAE04EC0-301F-11D3-BF4B-00C04F79EFBC}") = "MQuince.Services.Tests", "MQuince.Services.Tests\MQuince.Services.Tests.csproj", "{DC179031-B947-41A6-A85F-22B09EC434DD}"
EndProject
Global
	GlobalSection(SolutionConfigurationPlatforms) = preSolution
		Debug|Any CPU = Debug|Any CPU
		Release|Any CPU = Release|Any CPU
	EndGlobalSection
	GlobalSection(ProjectConfigurationPlatforms) = postSolution
		{EE835B5F-8FA1-4AB2-987A-E8CD8931AA59}.Debug|Any CPU.ActiveCfg = Debug|Any CPU
		{EE835B5F-8FA1-4AB2-987A-E8CD8931AA59}.Debug|Any CPU.Build.0 = Debug|Any CPU
		{EE835B5F-8FA1-4AB2-987A-E8CD8931AA59}.Release|Any CPU.ActiveCfg = Release|Any CPU
		{EE835B5F-8FA1-4AB2-987A-E8CD8931AA59}.Release|Any CPU.Build.0 = Release|Any CPU
		{B66F6FE1-1934-4008-B0BA-52E90E65FCA3}.Debug|Any CPU.ActiveCfg = Debug|Any CPU
		{B66F6FE1-1934-4008-B0BA-52E90E65FCA3}.Debug|Any CPU.Build.0 = Debug|Any CPU
		{B66F6FE1-1934-4008-B0BA-52E90E65FCA3}.Release|Any CPU.ActiveCfg = Release|Any CPU
		{B66F6FE1-1934-4008-B0BA-52E90E65FCA3}.Release|Any CPU.Build.0 = Release|Any CPU
		{E06E7370-018B-40CD-B92A-22D5BFDC94E8}.Debug|Any CPU.ActiveCfg = Debug|Any CPU
		{E06E7370-018B-40CD-B92A-22D5BFDC94E8}.Debug|Any CPU.Build.0 = Debug|Any CPU
		{E06E7370-018B-40CD-B92A-22D5BFDC94E8}.Release|Any CPU.ActiveCfg = Release|Any CPU
		{E06E7370-018B-40CD-B92A-22D5BFDC94E8}.Release|Any CPU.Build.0 = Release|Any CPU
		{DD8415D2-DE35-4E07-BC8E-A3DBE9E45EB0}.Debug|Any CPU.ActiveCfg = Debug|Any CPU
		{DD8415D2-DE35-4E07-BC8E-A3DBE9E45EB0}.Debug|Any CPU.Build.0 = Debug|Any CPU
		{DD8415D2-DE35-4E07-BC8E-A3DBE9E45EB0}.Release|Any CPU.ActiveCfg = Release|Any CPU
		{DD8415D2-DE35-4E07-BC8E-A3DBE9E45EB0}.Release|Any CPU.Build.0 = Release|Any CPU
		{FEF6517D-58F1-40AB-B5D1-CF8DE80D68AE}.Debug|Any CPU.ActiveCfg = Debug|Any CPU
		{FEF6517D-58F1-40AB-B5D1-CF8DE80D68AE}.Debug|Any CPU.Build.0 = Debug|Any CPU
		{FEF6517D-58F1-40AB-B5D1-CF8DE80D68AE}.Release|Any CPU.ActiveCfg = Release|Any CPU
		{FEF6517D-58F1-40AB-B5D1-CF8DE80D68AE}.Release|Any CPU.Build.0 = Release|Any CPU
		{68B7782B-9D57-43B0-A5B5-194CF1B27F25}.Debug|Any CPU.ActiveCfg = Debug|Any CPU
		{68B7782B-9D57-43B0-A5B5-194CF1B27F25}.Debug|Any CPU.Build.0 = Debug|Any CPU
		{68B7782B-9D57-43B0-A5B5-194CF1B27F25}.Release|Any CPU.ActiveCfg = Release|Any CPU
		{68B7782B-9D57-43B0-A5B5-194CF1B27F25}.Release|Any CPU.Build.0 = Release|Any CPU
		{F6412FA2-6B3B-47FF-A49D-6344E9BCD43B}.Debug|Any CPU.ActiveCfg = Debug|Any CPU
		{F6412FA2-6B3B-47FF-A49D-6344E9BCD43B}.Debug|Any CPU.Build.0 = Debug|Any CPU
		{F6412FA2-6B3B-47FF-A49D-6344E9BCD43B}.Release|Any CPU.ActiveCfg = Release|Any CPU
		{F6412FA2-6B3B-47FF-A49D-6344E9BCD43B}.Release|Any CPU.Build.0 = Release|Any CPU
		{10FB3859-944A-42FD-96BA-5A2CFCD05B7A}.Debug|Any CPU.ActiveCfg = Debug|Any CPU
		{10FB3859-944A-42FD-96BA-5A2CFCD05B7A}.Debug|Any CPU.Build.0 = Debug|Any CPU
		{10FB3859-944A-42FD-96BA-5A2CFCD05B7A}.Release|Any CPU.ActiveCfg = Release|Any CPU
		{10FB3859-944A-42FD-96BA-5A2CFCD05B7A}.Release|Any CPU.Build.0 = Release|Any CPU
		{DC179031-B947-41A6-A85F-22B09EC434DD}.Debug|Any CPU.ActiveCfg = Debug|Any CPU
		{DC179031-B947-41A6-A85F-22B09EC434DD}.Debug|Any CPU.Build.0 = Debug|Any CPU
		{DC179031-B947-41A6-A85F-22B09EC434DD}.Release|Any CPU.ActiveCfg = Release|Any CPU
		{DC179031-B947-41A6-A85F-22B09EC434DD}.Release|Any CPU.Build.0 = Release|Any CPU
	EndGlobalSection
	GlobalSection(SolutionProperties) = preSolution
		HideSolutionNode = FALSE
	EndGlobalSection
	GlobalSection(ExtensibilityGlobals) = postSolution
		SolutionGuid = {0689A13C-E5D1-40C4-A4B0-CA008A3CE5FE}
	EndGlobalSection
EndGlobal
